
Microsoft Visual Studio Solution File, Format Version 12.00
# Visual Studio Version 17
VisualStudioVersion = 17.1.32421.90
MinimumVisualStudioVersion = 10.0.40219.1
Project("{FAE04EC0-301F-11D3-BF4B-00C04F79EFBC}") = "Попытка в WPF", "Попытка в WPF.csproj", "{21EDB68A-E202-4787-9AB2-A4EBB319A5F9}"
EndProject
Global
	GlobalSection(SolutionConfigurationPlatforms) = preSolution
		Debug|Any CPU = Debug|Any CPU
		Release|Any CPU = Release|Any CPU
	EndGlobalSection
	GlobalSection(ProjectConfigurationPlatforms) = postSolution
		{21EDB68A-E202-4787-9AB2-A4EBB319A5F9}.Debug|Any CPU.ActiveCfg = Debug|Any CPU
		{21EDB68A-E202-4787-9AB2-A4EBB319A5F9}.Debug|Any CPU.Build.0 = Debug|Any CPU
		{21EDB68A-E202-4787-9AB2-A4EBB319A5F9}.Release|Any CPU.ActiveCfg = Release|Any CPU
		{21EDB68A-E202-4787-9AB2-A4EBB319A5F9}.Release|Any CPU.Build.0 = Release|Any CPU
	EndGlobalSection
	GlobalSection(SolutionProperties) = preSolution
		HideSolutionNode = FALSE
	EndGlobalSection
	GlobalSection(ExtensibilityGlobals) = postSolution
		SolutionGuid = {0BD0CF59-CD79-41E3-A445-C4C3F6CF9CFE}
	EndGlobalSection
EndGlobal
